# THIS IS AN AUTOGENERATED FILE. DO NOT EDIT THIS FILE DIRECTLY.
# yarn lockfile v1


nextjs-redirect@^6.0.1:
  version "6.0.1"
  resolved "https://registry.yarnpkg.com/nextjs-redirect/-/nextjs-redirect-6.0.1.tgz#29416d11f130511e12dbe93ca0c4fa0778bfbae6"
  integrity sha512-SScRdqhGwbD9HbATM+6KMoRyW5QdsPtBBknPPUBxeItnv3wOrhII4pW+0TrvglWNxeRUwI2GsnrDHCV/6juBtQ==
